
Microsoft Visual Studio Solution File, Format Version 12.00
# Visual Studio Version 17
VisualStudioVersion = 17.0.32014.148
MinimumVisualStudioVersion = 10.0.40219.1
Project("{FAE04EC0-301F-11D3-BF4B-00C04F79EFBC}") = "VuetifyIconGenerator", "VuetifyIconGenerator.csproj", "{890FE897-A19D-41C0-94E5-86DAB3DEDCBA}"
EndProject
Global
	GlobalSection(SolutionConfigurationPlatforms) = preSolution
		Debug|Any CPU = Debug|Any CPU
		Release|Any CPU = Release|Any CPU
	EndGlobalSection
	GlobalSection(ProjectConfigurationPlatforms) = postSolution
		{890FE897-A19D-41C0-94E5-86DAB3DEDCBA}.Debug|Any CPU.ActiveCfg = Debug|Any CPU
		{890FE897-A19D-41C0-94E5-86DAB3DEDCBA}.Debug|Any CPU.Build.0 = Debug|Any CPU
		{890FE897-A19D-41C0-94E5-86DAB3DEDCBA}.Release|Any CPU.ActiveCfg = Release|Any CPU
		{890FE897-A19D-41C0-94E5-86DAB3DEDCBA}.Release|Any CPU.Build.0 = Release|Any CPU
	EndGlobalSection
	GlobalSection(SolutionProperties) = preSolution
		HideSolutionNode = FALSE
	EndGlobalSection
	GlobalSection(ExtensibilityGlobals) = postSolution
		SolutionGuid = {4F8A4F3E-C1B5-4CE0-9A8D-EC067274EDC2}
	EndGlobalSection
EndGlobal
